{
    "_readme": [
        "This file locks the dependencies of your project to a known state",
        "Read more about it at https://getcomposer.org/doc/01-basic-usage.md#installing-dependencies",
        "This file is @generated automatically"
    ],
    "content-hash": "ac909d91655f36684d3acd83dad2bcd1",
    "packages": [],
    "packages-dev": [],
    "aliases": [],
    "minimum-stability": "stable",
    "stability-flags": {},
    "prefer-stable": false,
    "prefer-lowest": false,
    "platform": {
        "php": "^8.2",
        "ext-mysqli": "*",
        "ext-gd": "*",
        "ext-imap": "*",
        "ext-mbstring": "*",
        "ext-intl": "*",
        "ext-xml": "*",
        "ext-json": "*",
        "ext-apcu": "*"
    },
    "platform-dev": {},
    "plugin-api-version": "2.9.0"
}
